
Microsoft Visual Studio Solution File, Format Version 12.00
# Visual Studio Version 17
VisualStudioVersion = 17.8.34309.116
MinimumVisualStudioVersion = 10.0.40219.1
Project("{FAE04EC0-301F-11D3-BF4B-00C04F79EFBC}") = "GateballChaveamento.Android", "GateballChaveamento.Android\GateballChaveamento.Android.csproj", "{ECB9DE23-2644-4D71-AE7D-02A9F8BC6A12}"
EndProject
Project("{FAE04EC0-301F-11D3-BF4B-00C04F79EFBC}") = "GateballChaveamento.iOS", "GateballChaveamento.iOS\GateballChaveamento.iOS.csproj", "{91C4715B-314C-4F39-9F52-5CECEB34BC86}"
EndProject
Project("{FAE04EC0-301F-11D3-BF4B-00C04F79EFBC}") = "GateballChaveamento", "GateballChaveamento\GateballChaveamento.csproj", "{4ECD75C9-4BC8-4BC8-86AE-6A4221E554FE}"
EndProject
Global
	GlobalSection(SolutionConfigurationPlatforms) = preSolution
		Debug|Any CPU = Debug|Any CPU
		Debug|iPhone = Debug|iPhone
		Debug|iPhoneSimulator = Debug|iPhoneSimulator
		Release|Any CPU = Release|Any CPU
		Release|iPhone = Release|iPhone
		Release|iPhoneSimulator = Release|iPhoneSimulator
	EndGlobalSection
	GlobalSection(ProjectConfigurationPlatforms) = postSolution
		{ECB9DE23-2644-4D71-AE7D-02A9F8BC6A12}.Debug|Any CPU.ActiveCfg = Debug|Any CPU
		{ECB9DE23-2644-4D71-AE7D-02A9F8BC6A12}.Debug|Any CPU.Build.0 = Debug|Any CPU
		{ECB9DE23-2644-4D71-AE7D-02A9F8BC6A12}.Debug|Any CPU.Deploy.0 = Debug|Any CPU
		{ECB9DE23-2644-4D71-AE7D-02A9F8BC6A12}.Debug|iPhone.ActiveCfg = Debug|Any CPU
		{ECB9DE23-2644-4D71-AE7D-02A9F8BC6A12}.Debug|iPhone.Build.0 = Debug|Any CPU
		{ECB9DE23-2644-4D71-AE7D-02A9F8BC6A12}.Debug|iPhone.Deploy.0 = Debug|Any CPU
		{ECB9DE23-2644-4D71-AE7D-02A9F8BC6A12}.Debug|iPhoneSimulator.ActiveCfg = Debug|Any CPU
		{ECB9DE23-2644-4D71-AE7D-02A9F8BC6A12}.Debug|iPhoneSimulator.Build.0 = Debug|Any CPU
		{ECB9DE23-2644-4D71-AE7D-02A9F8BC6A12}.Debug|iPhoneSimulator.Deploy.0 = Debug|Any CPU
		{ECB9DE23-2644-4D71-AE7D-02A9F8BC6A12}.Release|Any CPU.ActiveCfg = Release|Any CPU
		{ECB9DE23-2644-4D71-AE7D-02A9F8BC6A12}.Release|Any CPU.Build.0 = Release|Any CPU
		{ECB9DE23-2644-4D71-AE7D-02A9F8BC6A12}.Release|Any CPU.Deploy.0 = Release|Any CPU
		{ECB9DE23-2644-4D71-AE7D-02A9F8BC6A12}.Release|iPhone.ActiveCfg = Release|Any CPU
		{ECB9DE23-2644-4D71-AE7D-02A9F8BC6A12}.Release|iPhone.Build.0 = Release|Any CPU
		{ECB9DE23-2644-4D71-AE7D-02A9F8BC6A12}.Release|iPhone.Deploy.0 = Release|Any CPU
		{ECB9DE23-2644-4D71-AE7D-02A9F8BC6A12}.Release|iPhoneSimulator.ActiveCfg = Release|Any CPU
		{ECB9DE23-2644-4D71-AE7D-02A9F8BC6A12}.Release|iPhoneSimulator.Build.0 = Release|Any CPU
		{ECB9DE23-2644-4D71-AE7D-02A9F8BC6A12}.Release|iPhoneSimulator.Deploy.0 = Release|Any CPU
		{91C4715B-314C-4F39-9F52-5CECEB34BC86}.Debug|Any CPU.ActiveCfg = Debug|iPhone
		{91C4715B-314C-4F39-9F52-5CECEB34BC86}.Debug|Any CPU.Build.0 = Debug|iPhone
		{91C4715B-314C-4F39-9F52-5CECEB34BC86}.Debug|Any CPU.Deploy.0 = Debug|iPhone
		{91C4715B-314C-4F39-9F52-5CECEB34BC86}.Debug|iPhone.ActiveCfg = Debug|iPhone
		{91C4715B-314C-4F39-9F52-5CECEB34BC86}.Debug|iPhone.Build.0 = Debug|iPhone
		{91C4715B-314C-4F39-9F52-5CECEB34BC86}.Debug|iPhone.Deploy.0 = Debug|iPhone
		{91C4715B-314C-4F39-9F52-5CECEB34BC86}.Debug|iPhoneSimulator.ActiveCfg = Debug|iPhoneSimulator
		{91C4715B-314C-4F39-9F52-5CECEB34BC86}.Debug|iPhoneSimulator.Build.0 = Debug|iPhoneSimulator
		{91C4715B-314C-4F39-9F52-5CECEB34BC86}.Debug|iPhoneSimulator.Deploy.0 = Debug|iPhoneSimulator
		{91C4715B-314C-4F39-9F52-5CECEB34BC86}.Release|Any CPU.ActiveCfg = Release|iPhoneSimulator
		{91C4715B-314C-4F39-9F52-5CECEB34BC86}.Release|Any CPU.Build.0 = Release|iPhoneSimulator
		{91C4715B-314C-4F39-9F52-5CECEB34BC86}.Release|Any CPU.Deploy.0 = Release|iPhoneSimulator
		{91C4715B-314C-4F39-9F52-5CECEB34BC86}.Release|iPhone.ActiveCfg = Release|iPhone
		{91C4715B-314C-4F39-9F52-5CECEB34BC86}.Release|iPhone.Build.0 = Release|iPhone
		{91C4715B-314C-4F39-9F52-5CECEB34BC86}.Release|iPhone.Deploy.0 = Release|iPhone
		{91C4715B-314C-4F39-9F52-5CECEB34BC86}.Release|iPhoneSimulator.ActiveCfg = Release|iPhoneSimulator
		{91C4715B-314C-4F39-9F52-5CECEB34BC86}.Release|iPhoneSimulator.Build.0 = Release|iPhoneSimulator
		{91C4715B-314C-4F39-9F52-5CECEB34BC86}.Release|iPhoneSimulator.Deploy.0 = Release|iPhoneSimulator
		{4ECD75C9-4BC8-4BC8-86AE-6A4221E554FE}.Debug|Any CPU.ActiveCfg = Debug|Any CPU
		{4ECD75C9-4BC8-4BC8-86AE-6A4221E554FE}.Debug|Any CPU.Build.0 = Debug|Any CPU
		{4ECD75C9-4BC8-4BC8-86AE-6A4221E554FE}.Debug|Any CPU.Deploy.0 = Debug|Any CPU
		{4ECD75C9-4BC8-4BC8-86AE-6A4221E554FE}.Debug|iPhone.ActiveCfg = Debug|Any CPU
		{4ECD75C9-4BC8-4BC8-86AE-6A4221E554FE}.Debug|iPhone.Build.0 = Debug|Any CPU
		{4ECD75C9-4BC8-4BC8-86AE-6A4221E554FE}.Debug|iPhone.Deploy.0 = Debug|Any CPU
		{4ECD75C9-4BC8-4BC8-86AE-6A4221E554FE}.Debug|iPhoneSimulator.ActiveCfg = Debug|Any CPU
		{4ECD75C9-4BC8-4BC8-86AE-6A4221E554FE}.Debug|iPhoneSimulator.Build.0 = Debug|Any CPU
		{4ECD75C9-4BC8-4BC8-86AE-6A4221E554FE}.Debug|iPhoneSimulator.Deploy.0 = Debug|Any CPU
		{4ECD75C9-4BC8-4BC8-86AE-6A4221E554FE}.Release|Any CPU.ActiveCfg = Release|Any CPU
		{4ECD75C9-4BC8-4BC8-86AE-6A4221E554FE}.Release|Any CPU.Build.0 = Release|Any CPU
		{4ECD75C9-4BC8-4BC8-86AE-6A4221E554FE}.Release|Any CPU.Deploy.0 = Release|Any CPU
		{4ECD75C9-4BC8-4BC8-86AE-6A4221E554FE}.Release|iPhone.ActiveCfg = Release|Any CPU
		{4ECD75C9-4BC8-4BC8-86AE-6A4221E554FE}.Release|iPhone.Build.0 = Release|Any CPU
		{4ECD75C9-4BC8-4BC8-86AE-6A4221E554FE}.Release|iPhone.Deploy.0 = Release|Any CPU
		{4ECD75C9-4BC8-4BC8-86AE-6A4221E554FE}.Release|iPhoneSimulator.ActiveCfg = Release|Any CPU
		{4ECD75C9-4BC8-4BC8-86AE-6A4221E554FE}.Release|iPhoneSimulator.Build.0 = Release|Any CPU
		{4ECD75C9-4BC8-4BC8-86AE-6A4221E554FE}.Release|iPhoneSimulator.Deploy.0 = Release|Any CPU
	EndGlobalSection
	GlobalSection(SolutionProperties) = preSolution
		HideSolutionNode = FALSE
	EndGlobalSection
	GlobalSection(ExtensibilityGlobals) = postSolution
		SolutionGuid = {E1E8648E-EDE9-4DC2-BD5E-38DEF502717F}
	EndGlobalSection
EndGlobal
